// !$*UTF8*$!
{
	archiveVersion = 1;
	classes = {
	};
	objectVersion = 46;
	objects = {

/* Begin PBXBuildFile section */
		E30650FE20AC6E52006B0BBF /* CharacterSet+Linex.swift in Sources */ = {isa = PBXBuildFile; fileRef = E30650FD20AC6E52006B0BBF /* CharacterSet+Linex.swift */; };
		E30650FF20AC6E52006B0BBF /* CharacterSet+Linex.swift in Sources */ = {isa = PBXBuildFile; fileRef = E30650FD20AC6E52006B0BBF /* CharacterSet+Linex.swift */; };
		E306510020AC6E52006B0BBF /* CharacterSet+Linex.swift in Sources */ = {isa = PBXBuildFile; fileRef = E30650FD20AC6E52006B0BBF /* CharacterSet+Linex.swift */; };
		E306510720AEEC48006B0BBF /* TextBuffer+Expand.swift in Sources */ = {isa = PBXBuildFile; fileRef = E306510620AEEC48006B0BBF /* TextBuffer+Expand.swift */; };
		E306510820AEEC48006B0BBF /* TextBuffer+Expand.swift in Sources */ = {isa = PBXBuildFile; fileRef = E306510620AEEC48006B0BBF /* TextBuffer+Expand.swift */; };
		E306510920AEEC48006B0BBF /* TextBuffer+Expand.swift in Sources */ = {isa = PBXBuildFile; fileRef = E306510620AEEC48006B0BBF /* TextBuffer+Expand.swift */; };
		E306510B20B0388C006B0BBF /* TextRange.swift in Sources */ = {isa = PBXBuildFile; fileRef = E306510A20B0388C006B0BBF /* TextRange.swift */; };
		E306510C20B0388C006B0BBF /* TextRange.swift in Sources */ = {isa = PBXBuildFile; fileRef = E306510A20B0388C006B0BBF /* TextRange.swift */; };
		E306510D20B0388C006B0BBF /* TextRange.swift in Sources */ = {isa = PBXBuildFile; fileRef = E306510A20B0388C006B0BBF /* TextRange.swift */; };
		E35783BE20B73B5A00D845A7 /* CharacterSet+Linex.swift in Sources */ = {isa = PBXBuildFile; fileRef = E30650FD20AC6E52006B0BBF /* CharacterSet+Linex.swift */; };
		E35783C120B73BF700D845A7 /* TextBuffer+Basic.swift in Sources */ = {isa = PBXBuildFile; fileRef = E35783C020B73BF700D845A7 /* TextBuffer+Basic.swift */; };
		E35783C220B73BF700D845A7 /* TextBuffer+Basic.swift in Sources */ = {isa = PBXBuildFile; fileRef = E35783C020B73BF700D845A7 /* TextBuffer+Basic.swift */; };
		E35783C320B73BF700D845A7 /* TextBuffer+Basic.swift in Sources */ = {isa = PBXBuildFile; fileRef = E35783C020B73BF700D845A7 /* TextBuffer+Basic.swift */; };
		E359421B1F55564C009EFA35 /* AppDelegate.swift in Sources */ = {isa = PBXBuildFile; fileRef = E359421A1F55564C009EFA35 /* AppDelegate.swift */; };
		E359421D1F55564C009EFA35 /* ViewController.swift in Sources */ = {isa = PBXBuildFile; fileRef = E359421C1F55564C009EFA35 /* ViewController.swift */; };
		E359421F1F55564C009EFA35 /* Assets.xcassets in Resources */ = {isa = PBXBuildFile; fileRef = E359421E1F55564C009EFA35 /* Assets.xcassets */; };
		E35942221F55564C009EFA35 /* Main.storyboard in Resources */ = {isa = PBXBuildFile; fileRef = E35942201F55564C009EFA35 /* Main.storyboard */; };
		E359422D1F55564D009EFA35 /* LinexTests.swift in Sources */ = {isa = PBXBuildFile; fileRef = E359422C1F55564D009EFA35 /* LinexTests.swift */; };
		E359423E1F55565E009EFA35 /* Cocoa.framework in Frameworks */ = {isa = PBXBuildFile; fileRef = E359423D1F55565E009EFA35 /* Cocoa.framework */; };
		E35942431F55565E009EFA35 /* SourceEditorExtension.swift in Sources */ = {isa = PBXBuildFile; fileRef = E35942421F55565E009EFA35 /* SourceEditorExtension.swift */; };
		E35942451F55565E009EFA35 /* SourceEditorCommand.swift in Sources */ = {isa = PBXBuildFile; fileRef = E35942441F55565E009EFA35 /* SourceEditorCommand.swift */; };
		E35942491F55565E009EFA35 /* Line.appex in Embed App Extensions */ = {isa = PBXBuildFile; fileRef = E359423B1F55565E009EFA35 /* Line.appex */; settings = {ATTRIBUTES = (RemoveHeadersOnCopy, ); }; };
		E359BCF61F604E000071246B /* Alignment.swift in Sources */ = {isa = PBXBuildFile; fileRef = E359BCF51F604E000071246B /* Alignment.swift */; };
		E359BD0A1F6063A70071246B /* Alignment.swift in Sources */ = {isa = PBXBuildFile; fileRef = E359BCF51F604E000071246B /* Alignment.swift */; };
		E37DDA7D2099E65900D86394 /* SelectionTests.swift in Sources */ = {isa = PBXBuildFile; fileRef = E37DDA7C2099E65900D86394 /* SelectionTests.swift */; };
		E3938E35209DEC32007F69E3 /* String+Linex.swift in Sources */ = {isa = PBXBuildFile; fileRef = E3938E33209DEC2B007F69E3 /* String+Linex.swift */; };
		E3938E36209DEC32007F69E3 /* String+Linex.swift in Sources */ = {isa = PBXBuildFile; fileRef = E3938E33209DEC2B007F69E3 /* String+Linex.swift */; };
		E3938E37209DEC33007F69E3 /* String+Linex.swift in Sources */ = {isa = PBXBuildFile; fileRef = E3938E33209DEC2B007F69E3 /* String+Linex.swift */; };
		E3938E38209DEC34007F69E3 /* String+Linex.swift in Sources */ = {isa = PBXBuildFile; fileRef = E3938E33209DEC2B007F69E3 /* String+Linex.swift */; };
		E3938E3B209DF622007F69E3 /* Character+Linex.swift in Sources */ = {isa = PBXBuildFile; fileRef = E3938E39209DF605007F69E3 /* Character+Linex.swift */; };
		E3938E3C209DF623007F69E3 /* Character+Linex.swift in Sources */ = {isa = PBXBuildFile; fileRef = E3938E39209DF605007F69E3 /* Character+Linex.swift */; };
		E3938E3D209DF624007F69E3 /* Character+Linex.swift in Sources */ = {isa = PBXBuildFile; fileRef = E3938E39209DF605007F69E3 /* Character+Linex.swift */; };
		E3938E3E209DF626007F69E3 /* Character+Linex.swift in Sources */ = {isa = PBXBuildFile; fileRef = E3938E39209DF605007F69E3 /* Character+Linex.swift */; };
		E3938E41209DF665007F69E3 /* TextPosition.swift in Sources */ = {isa = PBXBuildFile; fileRef = E3938E3F209DF64F007F69E3 /* TextPosition.swift */; };
		E3938E42209DF665007F69E3 /* TextPosition.swift in Sources */ = {isa = PBXBuildFile; fileRef = E3938E3F209DF64F007F69E3 /* TextPosition.swift */; };
		E3938E43209DF666007F69E3 /* TextPosition.swift in Sources */ = {isa = PBXBuildFile; fileRef = E3938E3F209DF64F007F69E3 /* TextPosition.swift */; };
		E3938E47209DF772007F69E3 /* TextBuffer.swift in Sources */ = {isa = PBXBuildFile; fileRef = E3938E45209DF772007F69E3 /* TextBuffer.swift */; };
		E3938E48209DF772007F69E3 /* TextBuffer.swift in Sources */ = {isa = PBXBuildFile; fileRef = E3938E45209DF772007F69E3 /* TextBuffer.swift */; };
		E3938E49209DF772007F69E3 /* TextBuffer.swift in Sources */ = {isa = PBXBuildFile; fileRef = E3938E45209DF772007F69E3 /* TextBuffer.swift */; };
		E3938E4B209DF834007F69E3 /* String+Basic.swift in Sources */ = {isa = PBXBuildFile; fileRef = E3938E4A209DF834007F69E3 /* String+Basic.swift */; };
		E3938E4C209DF834007F69E3 /* String+Basic.swift in Sources */ = {isa = PBXBuildFile; fileRef = E3938E4A209DF834007F69E3 /* String+Basic.swift */; };
		E3938E4D209DF834007F69E3 /* String+Basic.swift in Sources */ = {isa = PBXBuildFile; fileRef = E3938E4A209DF834007F69E3 /* String+Basic.swift */; };
		E3938E4E209DF834007F69E3 /* String+Basic.swift in Sources */ = {isa = PBXBuildFile; fileRef = E3938E4A209DF834007F69E3 /* String+Basic.swift */; };
		E39E226E1F59876A00354A5F /* Cocoa.framework in Frameworks */ = {isa = PBXBuildFile; fileRef = E359423D1F55565E009EFA35 /* Cocoa.framework */; };
		E39E22731F59876A00354A5F /* SourceEditorExtension.swift in Sources */ = {isa = PBXBuildFile; fileRef = E39E22721F59876A00354A5F /* SourceEditorExtension.swift */; };
		E39E22751F59876A00354A5F /* SourceEditorCommand.swift in Sources */ = {isa = PBXBuildFile; fileRef = E39E22741F59876A00354A5F /* SourceEditorCommand.swift */; };
		E39E22791F59876A00354A5F /* Selection.appex in Embed App Extensions */ = {isa = PBXBuildFile; fileRef = E39E226D1F59876A00354A5F /* Selection.appex */; settings = {ATTRIBUTES = (RemoveHeadersOnCopy, ); }; };
		E39E22801F59C59100354A5F /* RawRepresentable.swift in Sources */ = {isa = PBXBuildFile; fileRef = E39E227E1F59C58E00354A5F /* RawRepresentable.swift */; };
		E39E22811F59C59200354A5F /* RawRepresentable.swift in Sources */ = {isa = PBXBuildFile; fileRef = E39E227E1F59C58E00354A5F /* RawRepresentable.swift */; };
		E39E22821F59C59300354A5F /* RawRepresentable.swift in Sources */ = {isa = PBXBuildFile; fileRef = E39E227E1F59C58E00354A5F /* RawRepresentable.swift */; };
		E3A56CCD20D82AD400A44165 /* Line.swift in Sources */ = {isa = PBXBuildFile; fileRef = E3A56CCC20D82AD400A44165 /* Line.swift */; };
		E3A56CCE20D82AD400A44165 /* Line.swift in Sources */ = {isa = PBXBuildFile; fileRef = E3A56CCC20D82AD400A44165 /* Line.swift */; };
		E3A56CCF20D82AD400A44165 /* Line.swift in Sources */ = {isa = PBXBuildFile; fileRef = E3A56CCC20D82AD400A44165 /* Line.swift */; };
		E3A56CD020D82AD400A44165 /* Line.swift in Sources */ = {isa = PBXBuildFile; fileRef = E3A56CCC20D82AD400A44165 /* Line.swift */; };
		E3F543941F5A84FC008F426E /* Cocoa.framework in Frameworks */ = {isa = PBXBuildFile; fileRef = E359423D1F55565E009EFA35 /* Cocoa.framework */; };
		E3F543991F5A84FC008F426E /* SourceEditorExtension.swift in Sources */ = {isa = PBXBuildFile; fileRef = E3F543981F5A84FC008F426E /* SourceEditorExtension.swift */; };
		E3F5439B1F5A84FC008F426E /* SourceEditorCommand.swift in Sources */ = {isa = PBXBuildFile; fileRef = E3F5439A1F5A84FC008F426E /* SourceEditorCommand.swift */; };
		E3F5439F1F5A84FC008F426E /* Convert.appex in Embed App Extensions */ = {isa = PBXBuildFile; fileRef = E3F543931F5A84FC008F426E /* Convert.appex */; settings = {ATTRIBUTES = (RemoveHeadersOnCopy, ); }; };
		E3F543A61F5ABA48008F426E /* RawRepresentable.swift in Sources */ = {isa = PBXBuildFile; fileRef = E39E227E1F59C58E00354A5F /* RawRepresentable.swift */; };
/* End PBXBuildFile section */

/* Begin PBXContainerItemProxy section */
		E35942291F55564D009EFA35 /* PBXContainerItemProxy */ = {
			isa = PBXContainerItemProxy;
			containerPortal = E359420F1F55564C009EFA35 /* Project object */;
			proxyType = 1;
			remoteGlobalIDString = E35942161F55564C009EFA35;
			remoteInfo = Linex;
		};
		E35942471F55565E009EFA35 /* PBXContainerItemProxy */ = {
			isa = PBXContainerItemProxy;
			containerPortal = E359420F1F55564C009EFA35 /* Project object */;
			proxyType = 1;
			remoteGlobalIDString = E359423A1F55565E009EFA35;
			remoteInfo = Line;
		};
		E39E22771F59876A00354A5F /* PBXContainerItemProxy */ = {
			isa = PBXContainerItemProxy;
			containerPortal = E359420F1F55564C009EFA35 /* Project object */;
			proxyType = 1;
			remoteGlobalIDString = E39E226C1F59876A00354A5F;
			remoteInfo = Selection;
		};
		E3F5439D1F5A84FC008F426E /* PBXContainerItemProxy */ = {
			isa = PBXContainerItemProxy;
			containerPortal = E359420F1F55564C009EFA35 /* Project object */;
			proxyType = 1;
			remoteGlobalIDString = E3F543921F5A84FC008F426E;
			remoteInfo = Convert;
		};
/* End PBXContainerItemProxy section */

/* Begin PBXCopyFilesBuildPhase section */
		E359424D1F55565E009EFA35 /* Embed App Extensions */ = {
			isa = PBXCopyFilesBuildPhase;
			buildActionMask = 2147483647;
			dstPath = "";
			dstSubfolderSpec = 13;
			files = (
				E35942491F55565E009EFA35 /* Line.appex in Embed App Extensions */,
				E3F5439F1F5A84FC008F426E /* Convert.appex in Embed App Extensions */,
				E39E22791F59876A00354A5F /* Selection.appex in Embed App Extensions */,
			);
			name = "Embed App Extensions";
			runOnlyForDeploymentPostprocessing = 0;
		};
/* End PBXCopyFilesBuildPhase section */

/* Begin PBXFileReference section */
		E30650FD20AC6E52006B0BBF /* CharacterSet+Linex.swift */ = {isa = PBXFileReference; lastKnownFileType = sourcecode.swift; path = "CharacterSet+Linex.swift"; sourceTree = "<group>"; };
		E306510620AEEC48006B0BBF /* TextBuffer+Expand.swift */ = {isa = PBXFileReference; lastKnownFileType = sourcecode.swift; path = "TextBuffer+Expand.swift"; sourceTree = "<group>"; };
		E306510A20B0388C006B0BBF /* TextRange.swift */ = {isa = PBXFileReference; lastKnownFileType = sourcecode.swift; path = TextRange.swift; sourceTree = "<group>"; };
		E31714C31F8385F40036CF07 /* Linex.entitlements */ = {isa = PBXFileReference; lastKnownFileType = text.plist.entitlements; path = Linex.entitlements; sourceTree = "<group>"; };
		E330C82E1F796DE600ECC222 /* README.md */ = {isa = PBXFileReference; lastKnownFileType = net.daringfireball.markdown; path = README.md; sourceTree = SOURCE_ROOT; };
		E330C82F1F796DF000ECC222 /* LICENSE */ = {isa = PBXFileReference; lastKnownFileType = text; path = LICENSE; sourceTree = SOURCE_ROOT; };
		E356FD811F66F55C004558F1 /* TestPad.swift */ = {isa = PBXFileReference; fileEncoding = 4; lastKnownFileType = sourcecode.swift; path = TestPad.swift; sourceTree = "<group>"; };
		E35783C020B73BF700D845A7 /* TextBuffer+Basic.swift */ = {isa = PBXFileReference; lastKnownFileType = sourcecode.swift; path = "TextBuffer+Basic.swift"; sourceTree = "<group>"; };
		E35942171F55564C009EFA35 /* Linex.app */ = {isa = PBXFileReference; explicitFileType = wrapper.application; includeInIndex = 0; path = Linex.app; sourceTree = BUILT_PRODUCTS_DIR; };
		E359421A1F55564C009EFA35 /* AppDelegate.swift */ = {isa = PBXFileReference; lastKnownFileType = sourcecode.swift; path = AppDelegate.swift; sourceTree = "<group>"; };
		E359421C1F55564C009EFA35 /* ViewController.swift */ = {isa = PBXFileReference; lastKnownFileType = sourcecode.swift; path = ViewController.swift; sourceTree = "<group>"; };
		E359421E1F55564C009EFA35 /* Assets.xcassets */ = {isa = PBXFileReference; lastKnownFileType = folder.assetcatalog; path = Assets.xcassets; sourceTree = "<group>"; };
		E35942211F55564C009EFA35 /* Base */ = {isa = PBXFileReference; lastKnownFileType = file.storyboard; name = Base; path = Base.lproj/Main.storyboard; sourceTree = "<group>"; };
		E35942231F55564C009EFA35 /* Info.plist */ = {isa = PBXFileReference; lastKnownFileType = text.plist.xml; path = Info.plist; sourceTree = "<group>"; };
		E35942281F55564D009EFA35 /* LinexTests.xctest */ = {isa = PBXFileReference; explicitFileType = wrapper.cfbundle; includeInIndex = 0; path = LinexTests.xctest; sourceTree = BUILT_PRODUCTS_DIR; };
		E359422C1F55564D009EFA35 /* LinexTests.swift */ = {isa = PBXFileReference; lastKnownFileType = sourcecode.swift; path = LinexTests.swift; sourceTree = "<group>"; };
		E359422E1F55564D009EFA35 /* Info.plist */ = {isa = PBXFileReference; lastKnownFileType = text.plist.xml; path = Info.plist; sourceTree = "<group>"; };
		E359423B1F55565E009EFA35 /* Line.appex */ = {isa = PBXFileReference; explicitFileType = "wrapper.app-extension"; includeInIndex = 0; path = Line.appex; sourceTree = BUILT_PRODUCTS_DIR; };
		E359423D1F55565E009EFA35 /* Cocoa.framework */ = {isa = PBXFileReference; lastKnownFileType = wrapper.framework; name = Cocoa.framework; path = System/Library/Frameworks/Cocoa.framework; sourceTree = SDKROOT; };
		E35942411F55565E009EFA35 /* Line.entitlements */ = {isa = PBXFileReference; lastKnownFileType = text.plist.entitlements; path = Line.entitlements; sourceTree = "<group>"; };
		E35942421F55565E009EFA35 /* SourceEditorExtension.swift */ = {isa = PBXFileReference; lastKnownFileType = sourcecode.swift; path = SourceEditorExtension.swift; sourceTree = "<group>"; };
		E35942441F55565E009EFA35 /* SourceEditorCommand.swift */ = {isa = PBXFileReference; lastKnownFileType = sourcecode.swift; path = SourceEditorCommand.swift; sourceTree = "<group>"; };
		E35942461F55565E009EFA35 /* Info.plist */ = {isa = PBXFileReference; lastKnownFileType = text.plist.xml; path = Info.plist; sourceTree = "<group>"; };
		E359BCF51F604E000071246B /* Alignment.swift */ = {isa = PBXFileReference; fileEncoding = 4; lastKnownFileType = sourcecode.swift; path = Alignment.swift; sourceTree = "<group>"; };
		E37DDA7C2099E65900D86394 /* SelectionTests.swift */ = {isa = PBXFileReference; lastKnownFileType = sourcecode.swift; path = SelectionTests.swift; sourceTree = "<group>"; };
		E383F00A1F7A13A900429B4D /* TestPad.m */ = {isa = PBXFileReference; lastKnownFileType = sourcecode.c.objc; path = TestPad.m; sourceTree = "<group>"; };
		E3938E33209DEC2B007F69E3 /* String+Linex.swift */ = {isa = PBXFileReference; lastKnownFileType = sourcecode.swift; path = "String+Linex.swift"; sourceTree = "<group>"; };
		E3938E39209DF605007F69E3 /* Character+Linex.swift */ = {isa = PBXFileReference; lastKnownFileType = sourcecode.swift; path = "Character+Linex.swift"; sourceTree = "<group>"; };
		E3938E3F209DF64F007F69E3 /* TextPosition.swift */ = {isa = PBXFileReference; lastKnownFileType = sourcecode.swift; path = TextPosition.swift; sourceTree = "<group>"; };
		E3938E45209DF772007F69E3 /* TextBuffer.swift */ = {isa = PBXFileReference; lastKnownFileType = sourcecode.swift; path = TextBuffer.swift; sourceTree = "<group>"; };
		E3938E4A209DF834007F69E3 /* String+Basic.swift */ = {isa = PBXFileReference; lastKnownFileType = sourcecode.swift; path = "String+Basic.swift"; sourceTree = "<group>"; };
		E39E226D1F59876A00354A5F /* Selection.appex */ = {isa = PBXFileReference; explicitFileType = "wrapper.app-extension"; includeInIndex = 0; path = Selection.appex; sourceTree = BUILT_PRODUCTS_DIR; };
		E39E22711F59876A00354A5F /* Selection.entitlements */ = {isa = PBXFileReference; lastKnownFileType = text.plist.entitlements; path = Selection.entitlements; sourceTree = "<group>"; };
		E39E22721F59876A00354A5F /* SourceEditorExtension.swift */ = {isa = PBXFileReference; lastKnownFileType = sourcecode.swift; path = SourceEditorExtension.swift; sourceTree = "<group>"; };
		E39E22741F59876A00354A5F /* SourceEditorCommand.swift */ = {isa = PBXFileReference; lastKnownFileType = sourcecode.swift; path = SourceEditorCommand.swift; sourceTree = "<group>"; };
		E39E22761F59876A00354A5F /* Info.plist */ = {isa = PBXFileReference; lastKnownFileType = text.plist.xml; path = Info.plist; sourceTree = "<group>"; };
		E39E227E1F59C58E00354A5F /* RawRepresentable.swift */ = {isa = PBXFileReference; fileEncoding = 4; lastKnownFileType = sourcecode.swift; path = RawRepresentable.swift; sourceTree = "<group>"; };
		E3A56CCC20D82AD400A44165 /* Line.swift */ = {isa = PBXFileReference; lastKnownFileType = sourcecode.swift; path = Line.swift; sourceTree = "<group>"; };
		E3F543931F5A84FC008F426E /* Convert.appex */ = {isa = PBXFileReference; explicitFileType = "wrapper.app-extension"; includeInIndex = 0; path = Convert.appex; sourceTree = BUILT_PRODUCTS_DIR; };
		E3F543971F5A84FC008F426E /* Convert.entitlements */ = {isa = PBXFileReference; lastKnownFileType = text.plist.entitlements; path = Convert.entitlements; sourceTree = "<group>"; };
		E3F543981F5A84FC008F426E /* SourceEditorExtension.swift */ = {isa = PBXFileReference; lastKnownFileType = sourcecode.swift; path = SourceEditorExtension.swift; sourceTree = "<group>"; };
		E3F5439A1F5A84FC008F426E /* SourceEditorCommand.swift */ = {isa = PBXFileReference; lastKnownFileType = sourcecode.swift; path = SourceEditorCommand.swift; sourceTree = "<group>"; };
		E3F5439C1F5A84FC008F426E /* Info.plist */ = {isa = PBXFileReference; lastKnownFileType = text.plist.xml; path = Info.plist; sourceTree = "<group>"; };
/* End PBXFileReference section */

/* Begin PBXFrameworksBuildPhase section */
		E35942141F55564C009EFA35 /* Frameworks */ = {
			isa = PBXFrameworksBuildPhase;
			buildActionMask = 2147483647;
			files = (
			);
			runOnlyForDeploymentPostprocessing = 0;
		};
		E35942251F55564C009EFA35 /* Frameworks */ = {
			isa = PBXFrameworksBuildPhase;
			buildActionMask = 2147483647;
			files = (
			);
			runOnlyForDeploymentPostprocessing = 0;
		};
		E35942381F55565E009EFA35 /* Frameworks */ = {
			isa = PBXFrameworksBuildPhase;
			buildActionMask = 2147483647;
			files = (
				E359423E1F55565E009EFA35 /* Cocoa.framework in Frameworks */,
			);
			runOnlyForDeploymentPostprocessing = 0;
		};
		E39E226A1F59876A00354A5F /* Frameworks */ = {
			isa = PBXFrameworksBuildPhase;
			buildActionMask = 2147483647;
			files = (
				E39E226E1F59876A00354A5F /* Cocoa.framework in Frameworks */,
			);
			runOnlyForDeploymentPostprocessing = 0;
		};
		E3F543901F5A84FC008F426E /* Frameworks */ = {
			isa = PBXFrameworksBuildPhase;
			buildActionMask = 2147483647;
			files = (
				E3F543941F5A84FC008F426E /* Cocoa.framework in Frameworks */,
			);
			runOnlyForDeploymentPostprocessing = 0;
		};
/* End PBXFrameworksBuildPhase section */

/* Begin PBXGroup section */
		E35783BD20B73AB700D845A7 /* Standard Extensions */ = {
			isa = PBXGroup;
			children = (
				E39E227E1F59C58E00354A5F /* RawRepresentable.swift */,
				E3A56CCC20D82AD400A44165 /* Line.swift */,
				E3938E4A209DF834007F69E3 /* String+Basic.swift */,
				E3938E39209DF605007F69E3 /* Character+Linex.swift */,
				E30650FD20AC6E52006B0BBF /* CharacterSet+Linex.swift */,
			);
			path = "Standard Extensions";
			sourceTree = "<group>";
		};
		E35783BF20B73B9A00D845A7 /* XcodeKit */ = {
			isa = PBXGroup;
			children = (
				E3938E3F209DF64F007F69E3 /* TextPosition.swift */,
				E306510A20B0388C006B0BBF /* TextRange.swift */,
				E3938E45209DF772007F69E3 /* TextBuffer.swift */,
				E35783C020B73BF700D845A7 /* TextBuffer+Basic.swift */,
				E306510620AEEC48006B0BBF /* TextBuffer+Expand.swift */,
			);
			path = XcodeKit;
			sourceTree = "<group>";
		};
		E359420E1F55564C009EFA35 = {
			isa = PBXGroup;
			children = (
				E35783BD20B73AB700D845A7 /* Standard Extensions */,
				E3938E33209DEC2B007F69E3 /* String+Linex.swift */,
				E35783BF20B73B9A00D845A7 /* XcodeKit */,
				E359423F1F55565E009EFA35 /* Line */,
				E39E226F1F59876A00354A5F /* Selection */,
				E3F543951F5A84FC008F426E /* Convert */,
				E35942191F55564C009EFA35 /* Linex */,
				E359422B1F55564D009EFA35 /* LinexTests */,
				E359423C1F55565E009EFA35 /* Frameworks */,
				E35942181F55564C009EFA35 /* Products */,
			);
			sourceTree = "<group>";
		};
		E35942181F55564C009EFA35 /* Products */ = {
			isa = PBXGroup;
			children = (
				E35942171F55564C009EFA35 /* Linex.app */,
				E35942281F55564D009EFA35 /* LinexTests.xctest */,
				E359423B1F55565E009EFA35 /* Line.appex */,
				E39E226D1F59876A00354A5F /* Selection.appex */,
				E3F543931F5A84FC008F426E /* Convert.appex */,
			);
			name = Products;
			sourceTree = "<group>";
		};
		E35942191F55564C009EFA35 /* Linex */ = {
			isa = PBXGroup;
			children = (
				E31714C31F8385F40036CF07 /* Linex.entitlements */,
				E359421A1F55564C009EFA35 /* AppDelegate.swift */,
				E359421C1F55564C009EFA35 /* ViewController.swift */,
				E359421E1F55564C009EFA35 /* Assets.xcassets */,
				E35942201F55564C009EFA35 /* Main.storyboard */,
				E35942231F55564C009EFA35 /* Info.plist */,
				E330C82E1F796DE600ECC222 /* README.md */,
				E330C82F1F796DF000ECC222 /* LICENSE */,
			);
			path = Linex;
			sourceTree = "<group>";
		};
		E359422B1F55564D009EFA35 /* LinexTests */ = {
			isa = PBXGroup;
			children = (
				E359422C1F55564D009EFA35 /* LinexTests.swift */,
				E37DDA7C2099E65900D86394 /* SelectionTests.swift */,
				E356FD811F66F55C004558F1 /* TestPad.swift */,
				E383F00A1F7A13A900429B4D /* TestPad.m */,
				E359422E1F55564D009EFA35 /* Info.plist */,
			);
			path = LinexTests;
			sourceTree = "<group>";
		};
		E359423C1F55565E009EFA35 /* Frameworks */ = {
			isa = PBXGroup;
			children = (
				E359423D1F55565E009EFA35 /* Cocoa.framework */,
			);
			name = Frameworks;
			sourceTree = "<group>";
		};
		E359423F1F55565E009EFA35 /* Line */ = {
			isa = PBXGroup;
			children = (
				E35942421F55565E009EFA35 /* SourceEditorExtension.swift */,
				E35942441F55565E009EFA35 /* SourceEditorCommand.swift */,
				E35942461F55565E009EFA35 /* Info.plist */,
				E35942401F55565E009EFA35 /* Supporting Files */,
			);
			path = Line;
			sourceTree = "<group>";
		};
		E35942401F55565E009EFA35 /* Supporting Files */ = {
			isa = PBXGroup;
			children = (
				E35942411F55565E009EFA35 /* Line.entitlements */,
			);
			name = "Supporting Files";
			sourceTree = "<group>";
		};
		E39E226F1F59876A00354A5F /* Selection */ = {
			isa = PBXGroup;
			children = (
				E39E22721F59876A00354A5F /* SourceEditorExtension.swift */,
				E39E22741F59876A00354A5F /* SourceEditorCommand.swift */,
				E359BCF51F604E000071246B /* Alignment.swift */,
				E39E22761F59876A00354A5F /* Info.plist */,
				E39E22701F59876A00354A5F /* Supporting Files */,
			);
			path = Selection;
			sourceTree = "<group>";
		};
		E39E22701F59876A00354A5F /* Supporting Files */ = {
			isa = PBXGroup;
			children = (
				E39E22711F59876A00354A5F /* Selection.entitlements */,
			);
			name = "Supporting Files";
			sourceTree = "<group>";
		};
		E3F543951F5A84FC008F426E /* Convert */ = {
			isa = PBXGroup;
			children = (
				E3F543981F5A84FC008F426E /* SourceEditorExtension.swift */,
				E3F5439A1F5A84FC008F426E /* SourceEditorCommand.swift */,
				E3F5439C1F5A84FC008F426E /* Info.plist */,
				E3F543961F5A84FC008F426E /* Supporting Files */,
			);
			path = Convert;
			sourceTree = "<group>";
		};
		E3F543961F5A84FC008F426E /* Supporting Files */ = {
			isa = PBXGroup;
			children = (
				E3F543971F5A84FC008F426E /* Convert.entitlements */,
			);
			name = "Supporting Files";
			sourceTree = "<group>";
		};
/* End PBXGroup section */

/* Begin PBXNativeTarget section */
		E35942161F55564C009EFA35 /* Linex */ = {
			isa = PBXNativeTarget;
			buildConfigurationList = E35942311F55564D009EFA35 /* Build configuration list for PBXNativeTarget "Linex" */;
			buildPhases = (
				E35942131F55564C009EFA35 /* Sources */,
				E35942141F55564C009EFA35 /* Frameworks */,
				E35942151F55564C009EFA35 /* Resources */,
				E359424D1F55565E009EFA35 /* Embed App Extensions */,
			);
			buildRules = (
			);
			dependencies = (
				E35942481F55565E009EFA35 /* PBXTargetDependency */,
				E39E22781F59876A00354A5F /* PBXTargetDependency */,
				E3F5439E1F5A84FC008F426E /* PBXTargetDependency */,
			);
			name = Linex;
			productName = Linex;
			productReference = E35942171F55564C009EFA35 /* Linex.app */;
			productType = "com.apple.product-type.application";
		};
		E35942271F55564C009EFA35 /* LinexTests */ = {
			isa = PBXNativeTarget;
			buildConfigurationList = E35942341F55564D009EFA35 /* Build configuration list for PBXNativeTarget "LinexTests" */;
			buildPhases = (
				E35942241F55564C009EFA35 /* Sources */,
				E35942251F55564C009EFA35 /* Frameworks */,
				E35942261F55564C009EFA35 /* Resources */,
			);
			buildRules = (
			);
			dependencies = (
				E359422A1F55564D009EFA35 /* PBXTargetDependency */,
			);
			name = LinexTests;
			productName = LinexTests;
			productReference = E35942281F55564D009EFA35 /* LinexTests.xctest */;
			productType = "com.apple.product-type.bundle.unit-test";
		};
		E359423A1F55565E009EFA35 /* Line */ = {
			isa = PBXNativeTarget;
			buildConfigurationList = E359424A1F55565E009EFA35 /* Build configuration list for PBXNativeTarget "Line" */;
			buildPhases = (
				E35942371F55565E009EFA35 /* Sources */,
				E35942381F55565E009EFA35 /* Frameworks */,
				E35942391F55565E009EFA35 /* Resources */,
			);
			buildRules = (
			);
			dependencies = (
			);
			name = Line;
			productName = Line;
			productReference = E359423B1F55565E009EFA35 /* Line.appex */;
			productType = "com.apple.product-type.xcode-extension";
		};
		E39E226C1F59876A00354A5F /* Selection */ = {
			isa = PBXNativeTarget;
			buildConfigurationList = E39E227C1F59876A00354A5F /* Build configuration list for PBXNativeTarget "Selection" */;
			buildPhases = (
				E39E22691F59876A00354A5F /* Sources */,
				E39E226A1F59876A00354A5F /* Frameworks */,
				E39E226B1F59876A00354A5F /* Resources */,
			);
			buildRules = (
			);
			dependencies = (
			);
			name = Selection;
			productName = Selection;
			productReference = E39E226D1F59876A00354A5F /* Selection.appex */;
			productType = "com.apple.product-type.xcode-extension";
		};
		E3F543921F5A84FC008F426E /* Convert */ = {
			isa = PBXNativeTarget;
			buildConfigurationList = E3F543A21F5A84FC008F426E /* Build configuration list for PBXNativeTarget "Convert" */;
			buildPhases = (
				E3F5438F1F5A84FC008F426E /* Sources */,
				E3F543901F5A84FC008F426E /* Frameworks */,
				E3F543911F5A84FC008F426E /* Resources */,
			);
			buildRules = (
			);
			dependencies = (
			);
			name = Convert;
			productName = Convert;
			productReference = E3F543931F5A84FC008F426E /* Convert.appex */;
			productType = "com.apple.product-type.xcode-extension";
		};
/* End PBXNativeTarget section */

/* Begin PBXProject section */
		E359420F1F55564C009EFA35 /* Project object */ = {
			isa = PBXProject;
			attributes = {
				LastSwiftUpdateCheck = 0830;
				LastUpgradeCheck = 0930;
				ORGANIZATIONNAME = "Kaunteya Suryawanshi";
				TargetAttributes = {
					E35942161F55564C009EFA35 = {
						CreatedOnToolsVersion = 8.3.3;
						DevelopmentTeam = KQQ77ZBE5E;
						LastSwiftMigration = 1220;
						ProvisioningStyle = Automatic;
						SystemCapabilities = {
							com.apple.Sandbox = {
								enabled = 1;
							};
						};
					};
					E35942271F55564C009EFA35 = {
						CreatedOnToolsVersion = 8.3.3;
						DevelopmentTeam = KQQ77ZBE5E;
						LastSwiftMigration = 1220;
						ProvisioningStyle = Automatic;
						TestTargetID = E35942161F55564C009EFA35;
					};
					E359423A1F55565E009EFA35 = {
						CreatedOnToolsVersion = 8.3.3;
						DevelopmentTeam = KQQ77ZBE5E;
						LastSwiftMigration = 1220;
						ProvisioningStyle = Automatic;
					};
					E39E226C1F59876A00354A5F = {
						CreatedOnToolsVersion = 8.3.3;
						DevelopmentTeam = KQQ77ZBE5E;
						LastSwiftMigration = 1220;
						ProvisioningStyle = Automatic;
					};
					E3F543921F5A84FC008F426E = {
						CreatedOnToolsVersion = 8.3.3;
						DevelopmentTeam = KQQ77ZBE5E;
						LastSwiftMigration = 1220;
						ProvisioningStyle = Automatic;
					};
				};
			};
			buildConfigurationList = E35942121F55564C009EFA35 /* Build configuration list for PBXProject "Linex" */;
			compatibilityVersion = "Xcode 3.2";
			developmentRegion = English;
			hasScannedForEncodings = 0;
			knownRegions = (
				en,
				Base,
			);
			mainGroup = E359420E1F55564C009EFA35;
			productRefGroup = E35942181F55564C009EFA35 /* Products */;
			projectDirPath = "";
			projectRoot = "";
			targets = (
				E35942161F55564C009EFA35 /* Linex */,
				E35942271F55564C009EFA35 /* LinexTests */,
				E359423A1F55565E009EFA35 /* Line */,
				E39E226C1F59876A00354A5F /* Selection */,
				E3F543921F5A84FC008F426E /* Convert */,
			);
		};
/* End PBXProject section */

/* Begin PBXResourcesBuildPhase section */
		E35942151F55564C009EFA35 /* Resources */ = {
			isa = PBXResourcesBuildPhase;
			buildActionMask = 2147483647;
			files = (
				E359421F1F55564C009EFA35 /* Assets.xcassets in Resources */,
				E35942221F55564C009EFA35 /* Main.storyboard in Resources */,
			);
			runOnlyForDeploymentPostprocessing = 0;
		};
		E35942261F55564C009EFA35 /* Resources */ = {
			isa = PBXResourcesBuildPhase;
			buildActionMask = 2147483647;
			files = (
			);
			runOnlyForDeploymentPostprocessing = 0;
		};
		E35942391F55565E009EFA35 /* Resources */ = {
			isa = PBXResourcesBuildPhase;
			buildActionMask = 2147483647;
			files = (
			);
			runOnlyForDeploymentPostprocessing = 0;
		};
		E39E226B1F59876A00354A5F /* Resources */ = {
			isa = PBXResourcesBuildPhase;
			buildActionMask = 2147483647;
			files = (
			);
			runOnlyForDeploymentPostprocessing = 0;
		};
		E3F543911F5A84FC008F426E /* Resources */ = {
			isa = PBXResourcesBuildPhase;
			buildActionMask = 2147483647;
			files = (
			);
			runOnlyForDeploymentPostprocessing = 0;
		};
/* End PBXResourcesBuildPhase section */

/* Begin PBXSourcesBuildPhase section */
		E35942131F55564C009EFA35 /* Sources */ = {
			isa = PBXSourcesBuildPhase;
			buildActionMask = 2147483647;
			files = (
				E359421D1F55564C009EFA35 /* ViewController.swift in Sources */,
				E359421B1F55564C009EFA35 /* AppDelegate.swift in Sources */,
			);
			runOnlyForDeploymentPostprocessing = 0;
		};
		E35942241F55564C009EFA35 /* Sources */ = {
			isa = PBXSourcesBuildPhase;
			buildActionMask = 2147483647;
			files = (
				E3938E3E209DF626007F69E3 /* Character+Linex.swift in Sources */,
				E39E22821F59C59300354A5F /* RawRepresentable.swift in Sources */,
				E359422D1F55564D009EFA35 /* LinexTests.swift in Sources */,
				E3938E35209DEC32007F69E3 /* String+Linex.swift in Sources */,
				E359BD0A1F6063A70071246B /* Alignment.swift in Sources */,
				E37DDA7D2099E65900D86394 /* SelectionTests.swift in Sources */,
				E3938E4B209DF834007F69E3 /* String+Basic.swift in Sources */,
				E35783BE20B73B5A00D845A7 /* CharacterSet+Linex.swift in Sources */,
				E3A56CCD20D82AD400A44165 /* Line.swift in Sources */,
			);
			runOnlyForDeploymentPostprocessing = 0;
		};
		E35942371F55565E009EFA35 /* Sources */ = {
			isa = PBXSourcesBuildPhase;
			buildActionMask = 2147483647;
			files = (
				E3938E3B209DF622007F69E3 /* Character+Linex.swift in Sources */,
				E35942431F55565E009EFA35 /* SourceEditorExtension.swift in Sources */,
				E39E22801F59C59100354A5F /* RawRepresentable.swift in Sources */,
				E35783C120B73BF700D845A7 /* TextBuffer+Basic.swift in Sources */,
				E3938E47209DF772007F69E3 /* TextBuffer.swift in Sources */,
				E306510720AEEC48006B0BBF /* TextBuffer+Expand.swift in Sources */,
				E306510B20B0388C006B0BBF /* TextRange.swift in Sources */,
				E30650FE20AC6E52006B0BBF /* CharacterSet+Linex.swift in Sources */,
				E3938E41209DF665007F69E3 /* TextPosition.swift in Sources */,
				E3938E4C209DF834007F69E3 /* String+Basic.swift in Sources */,
				E3A56CCE20D82AD400A44165 /* Line.swift in Sources */,
				E35942451F55565E009EFA35 /* SourceEditorCommand.swift in Sources */,
				E3938E36209DEC32007F69E3 /* String+Linex.swift in Sources */,
			);
			runOnlyForDeploymentPostprocessing = 0;
		};
		E39E22691F59876A00354A5F /* Sources */ = {
			isa = PBXSourcesBuildPhase;
			buildActionMask = 2147483647;
			files = (
				E3938E3C209DF623007F69E3 /* Character+Linex.swift in Sources */,
				E39E22811F59C59200354A5F /* RawRepresentable.swift in Sources */,
				E39E22731F59876A00354A5F /* SourceEditorExtension.swift in Sources */,
				E39E22751F59876A00354A5F /* SourceEditorCommand.swift in Sources */,
				E3938E48209DF772007F69E3 /* TextBuffer.swift in Sources */,
				E3938E42209DF665007F69E3 /* TextPosition.swift in Sources */,
				E3938E4D209DF834007F69E3 /* String+Basic.swift in Sources */,
				E306510820AEEC48006B0BBF /* TextBuffer+Expand.swift in Sources */,
				E359BCF61F604E000071246B /* Alignment.swift in Sources */,
				E3938E37209DEC33007F69E3 /* String+Linex.swift in Sources */,
				E30650FF20AC6E52006B0BBF /* CharacterSet+Linex.swift in Sources */,
				E3A56CCF20D82AD400A44165 /* Line.swift in Sources */,
				E306510C20B0388C006B0BBF /* TextRange.swift in Sources */,
				E35783C220B73BF700D845A7 /* TextBuffer+Basic.swift in Sources */,
			);
			runOnlyForDeploymentPostprocessing = 0;
		};
		E3F5438F1F5A84FC008F426E /* Sources */ = {
			isa = PBXSourcesBuildPhase;
			buildActionMask = 2147483647;
			files = (
				E3F543A61F5ABA48008F426E /* RawRepresentable.swift in Sources */,
				E3F543991F5A84FC008F426E /* SourceEditorExtension.swift in Sources */,
				E3938E49209DF772007F69E3 /* TextBuffer.swift in Sources */,
				E3F5439B1F5A84FC008F426E /* SourceEditorCommand.swift in Sources */,
				E35783C320B73BF700D845A7 /* TextBuffer+Basic.swift in Sources */,
				E3938E3D209DF624007F69E3 /* Character+Linex.swift in Sources */,
				E306510920AEEC48006B0BBF /* TextBuffer+Expand.swift in Sources */,
				E306510D20B0388C006B0BBF /* TextRange.swift in Sources */,
				E306510020AC6E52006B0BBF /* CharacterSet+Linex.swift in Sources */,
				E3A56CD020D82AD400A44165 /* Line.swift in Sources */,
				E3938E38209DEC34007F69E3 /* String+Linex.swift in Sources */,
				E3938E43209DF666007F69E3 /* TextPosition.swift in Sources */,
				E3938E4E209DF834007F69E3 /* String+Basic.swift in Sources */,
			);
			runOnlyForDeploymentPostprocessing = 0;
		};
/* End PBXSourcesBuildPhase section */

/* Begin PBXTargetDependency section */
		E359422A1F55564D009EFA35 /* PBXTargetDependency */ = {
			isa = PBXTargetDependency;
			target = E35942161F55564C009EFA35 /* Linex */;
			targetProxy = E35942291F55564D009EFA35 /* PBXContainerItemProxy */;
		};
		E35942481F55565E009EFA35 /* PBXTargetDependency */ = {
			isa = PBXTargetDependency;
			target = E359423A1F55565E009EFA35 /* Line */;
			targetProxy = E35942471F55565E009EFA35 /* PBXContainerItemProxy */;
		};
		E39E22781F59876A00354A5F /* PBXTargetDependency */ = {
			isa = PBXTargetDependency;
			target = E39E226C1F59876A00354A5F /* Selection */;
			targetProxy = E39E22771F59876A00354A5F /* PBXContainerItemProxy */;
		};
		E3F5439E1F5A84FC008F426E /* PBXTargetDependency */ = {
			isa = PBXTargetDependency;
			target = E3F543921F5A84FC008F426E /* Convert */;
			targetProxy = E3F5439D1F5A84FC008F426E /* PBXContainerItemProxy */;
		};
/* End PBXTargetDependency section */

/* Begin PBXVariantGroup section */
		E35942201F55564C009EFA35 /* Main.storyboard */ = {
			isa = PBXVariantGroup;
			children = (
				E35942211F55564C009EFA35 /* Base */,
			);
			name = Main.storyboard;
			sourceTree = "<group>";
		};
/* End PBXVariantGroup section */

/* Begin XCBuildConfiguration section */
		E359422F1F55564D009EFA35 /* Debug */ = {
			isa = XCBuildConfiguration;
			buildSettings = {
				ALWAYS_SEARCH_USER_PATHS = NO;
				CLANG_ANALYZER_NONNULL = YES;
				CLANG_ANALYZER_NUMBER_OBJECT_CONVERSION = YES_AGGRESSIVE;
				CLANG_CXX_LANGUAGE_STANDARD = "gnu++0x";
				CLANG_CXX_LIBRARY = "libc++";
				CLANG_ENABLE_MODULES = YES;
				CLANG_ENABLE_OBJC_ARC = YES;
				CLANG_WARN_BLOCK_CAPTURE_AUTORELEASING = YES;
				CLANG_WARN_BOOL_CONVERSION = YES;
				CLANG_WARN_COMMA = YES;
				CLANG_WARN_CONSTANT_CONVERSION = YES;
				CLANG_WARN_DEPRECATED_OBJC_IMPLEMENTATIONS = YES;
				CLANG_WARN_DIRECT_OBJC_ISA_USAGE = YES_ERROR;
				CLANG_WARN_DOCUMENTATION_COMMENTS = YES;
				CLANG_WARN_EMPTY_BODY = YES;
				CLANG_WARN_ENUM_CONVERSION = YES;
				CLANG_WARN_INFINITE_RECURSION = YES;
				CLANG_WARN_INT_CONVERSION = YES;
				CLANG_WARN_NON_LITERAL_NULL_CONVERSION = YES;
				CLANG_WARN_OBJC_IMPLICIT_RETAIN_SELF = YES;
				CLANG_WARN_OBJC_LITERAL_CONVERSION = YES;
				CLANG_WARN_OBJC_ROOT_CLASS = YES_ERROR;
				CLANG_WARN_RANGE_LOOP_ANALYSIS = YES;
				CLANG_WARN_STRICT_PROTOTYPES = YES;
				CLANG_WARN_SUSPICIOUS_MOVE = YES;
				CLANG_WARN_UNREACHABLE_CODE = YES;
				CLANG_WARN__DUPLICATE_METHOD_MATCH = YES;
				CODE_SIGN_IDENTITY = "-";
				COPY_PHASE_STRIP = NO;
				DEBUG_INFORMATION_FORMAT = dwarf;
				ENABLE_STRICT_OBJC_MSGSEND = YES;
				ENABLE_TESTABILITY = YES;
				GCC_C_LANGUAGE_STANDARD = gnu99;
				GCC_DYNAMIC_NO_PIC = NO;
				GCC_NO_COMMON_BLOCKS = YES;
				GCC_OPTIMIZATION_LEVEL = 0;
				GCC_PREPROCESSOR_DEFINITIONS = (
					"DEBUG=1",
					"$(inherited)",
				);
				GCC_WARN_64_TO_32_BIT_CONVERSION = YES;
				GCC_WARN_ABOUT_RETURN_TYPE = YES_ERROR;
				GCC_WARN_UNDECLARED_SELECTOR = YES;
				GCC_WARN_UNINITIALIZED_AUTOS = YES_AGGRESSIVE;
				GCC_WARN_UNUSED_FUNCTION = YES;
				GCC_WARN_UNUSED_VARIABLE = YES;
				MACOSX_DEPLOYMENT_TARGET = 10.12;
				MTL_ENABLE_DEBUG_INFO = YES;
				ONLY_ACTIVE_ARCH = YES;
				SDKROOT = macosx;
				SWIFT_ACTIVE_COMPILATION_CONDITIONS = DEBUG;
				SWIFT_OPTIMIZATION_LEVEL = "-Onone";
			};
			name = Debug;
		};
		E35942301F55564D009EFA35 /* Release */ = {
			isa = XCBuildConfiguration;
			buildSettings = {
				ALWAYS_SEARCH_USER_PATHS = NO;
				CLANG_ANALYZER_NONNULL = YES;
				CLANG_ANALYZER_NUMBER_OBJECT_CONVERSION = YES_AGGRESSIVE;
				CLANG_CXX_LANGUAGE_STANDARD = "gnu++0x";
				CLANG_CXX_LIBRARY = "libc++";
				CLANG_ENABLE_MODULES = YES;
				CLANG_ENABLE_OBJC_ARC = YES;
				CLANG_WARN_BLOCK_CAPTURE_AUTORELEASING = YES;
				CLANG_WARN_BOOL_CONVERSION = YES;
				CLANG_WARN_COMMA = YES;
				CLANG_WARN_CONSTANT_CONVERSION = YES;
				CLANG_WARN_DEPRECATED_OBJC_IMPLEMENTATIONS = YES;
				CLANG_WARN_DIRECT_OBJC_ISA_USAGE = YES_ERROR;
				CLANG_WARN_DOCUMENTATION_COMMENTS = YES;
				CLANG_WARN_EMPTY_BODY = YES;
				CLANG_WARN_ENUM_CONVERSION = YES;
				CLANG_WARN_INFINITE_RECURSION = YES;
				CLANG_WARN_INT_CONVERSION = YES;
				CLANG_WARN_NON_LITERAL_NULL_CONVERSION = YES;
				CLANG_WARN_OBJC_IMPLICIT_RETAIN_SELF = YES;
				CLANG_WARN_OBJC_LITERAL_CONVERSION = YES;
				CLANG_WARN_OBJC_ROOT_CLASS = YES_ERROR;
				CLANG_WARN_RANGE_LOOP_ANALYSIS = YES;
				CLANG_WARN_STRICT_PROTOTYPES = YES;
				CLANG_WARN_SUSPICIOUS_MOVE = YES;
				CLANG_WARN_UNREACHABLE_CODE = YES;
				CLANG_WARN__DUPLICATE_METHOD_MATCH = YES;
				CODE_SIGN_IDENTITY = "-";
				COPY_PHASE_STRIP = NO;
				DEBUG_INFORMATION_FORMAT = "dwarf-with-dsym";
				ENABLE_NS_ASSERTIONS = NO;
				ENABLE_STRICT_OBJC_MSGSEND = YES;
				GCC_C_LANGUAGE_STANDARD = gnu99;
				GCC_NO_COMMON_BLOCKS = YES;
				GCC_WARN_64_TO_32_BIT_CONVERSION = YES;
				GCC_WARN_ABOUT_RETURN_TYPE = YES_ERROR;
				GCC_WARN_UNDECLARED_SELECTOR = YES;
				GCC_WARN_UNINITIALIZED_AUTOS = YES_AGGRESSIVE;
				GCC_WARN_UNUSED_FUNCTION = YES;
				GCC_WARN_UNUSED_VARIABLE = YES;
				MACOSX_DEPLOYMENT_TARGET = 10.12;
				MTL_ENABLE_DEBUG_INFO = NO;
				SDKROOT = macosx;
				SWIFT_OPTIMIZATION_LEVEL = "-Owholemodule";
			};
			name = Release;
		};
		E35942321F55564D009EFA35 /* Debug */ = {
			isa = XCBuildConfiguration;
			buildSettings = {
				ALWAYS_EMBED_SWIFT_STANDARD_LIBRARIES = YES;
				ASSETCATALOG_COMPILER_APPICON_NAME = AppIcon;
				CODE_SIGN_ENTITLEMENTS = Linex/Linex.entitlements;
				CODE_SIGN_IDENTITY = "Mac Developer";
				COMBINE_HIDPI_IMAGES = YES;
				DEVELOPMENT_TEAM = KQQ77ZBE5E;
				INFOPLIST_FILE = Linex/Info.plist;
				LD_RUNPATH_SEARCH_PATHS = "$(inherited) @executable_path/../Frameworks";
				PRODUCT_BUNDLE_IDENTIFIER = com.kaunteya.Linex;
				PRODUCT_NAME = "$(TARGET_NAME)";
				PROVISIONING_PROFILE_SPECIFIER = "";
				SWIFT_VERSION = 5.0;
			};
			name = Debug;
		};
		E35942331F55564D009EFA35 /* Release */ = {
			isa = XCBuildConfiguration;
			buildSettings = {
				ALWAYS_EMBED_SWIFT_STANDARD_LIBRARIES = YES;
				ASSETCATALOG_COMPILER_APPICON_NAME = AppIcon;
				CODE_SIGN_ENTITLEMENTS = Linex/Linex.entitlements;
				CODE_SIGN_IDENTITY = "Mac Developer";
				COMBINE_HIDPI_IMAGES = YES;
				DEVELOPMENT_TEAM = KQQ77ZBE5E;
				INFOPLIST_FILE = Linex/Info.plist;
				LD_RUNPATH_SEARCH_PATHS = "$(inherited) @executable_path/../Frameworks";
				PRODUCT_BUNDLE_IDENTIFIER = com.kaunteya.Linex;
				PRODUCT_NAME = "$(TARGET_NAME)";
				PROVISIONING_PROFILE_SPECIFIER = "";
				SWIFT_VERSION = 5.0;
			};
			name = Release;
		};
		E35942351F55564D009EFA35 /* Debug */ = {
			isa = XCBuildConfiguration;
			buildSettings = {
				ALWAYS_EMBED_SWIFT_STANDARD_LIBRARIES = YES;
				BUNDLE_LOADER = "$(TEST_HOST)";
				COMBINE_HIDPI_IMAGES = YES;
				DEVELOPMENT_TEAM = KQQ77ZBE5E;
				INFOPLIST_FILE = LinexTests/Info.plist;
				LD_RUNPATH_SEARCH_PATHS = "$(inherited) @executable_path/../Frameworks @loader_path/../Frameworks";
				PRODUCT_BUNDLE_IDENTIFIER = com.kaunteya.LinexTests;
				PRODUCT_NAME = "$(TARGET_NAME)";
				SWIFT_VERSION = 5.0;
				TEST_HOST = "$(BUILT_PRODUCTS_DIR)/Linex.app/Contents/MacOS/Linex";
			};
			name = Debug;
		};
		E35942361F55564D009EFA35 /* Release */ = {
			isa = XCBuildConfiguration;
			buildSettings = {
				ALWAYS_EMBED_SWIFT_STANDARD_LIBRARIES = YES;
				BUNDLE_LOADER = "$(TEST_HOST)";
				COMBINE_HIDPI_IMAGES = YES;
				DEVELOPMENT_TEAM = KQQ77ZBE5E;
				INFOPLIST_FILE = LinexTests/Info.plist;
				LD_RUNPATH_SEARCH_PATHS = "$(inherited) @executable_path/../Frameworks @loader_path/../Frameworks";
				PRODUCT_BUNDLE_IDENTIFIER = com.kaunteya.LinexTests;
				PRODUCT_NAME = "$(TARGET_NAME)";
				SWIFT_VERSION = 5.0;
				TEST_HOST = "$(BUILT_PRODUCTS_DIR)/Linex.app/Contents/MacOS/Linex";
			};
			name = Release;
		};
		E359424B1F55565E009EFA35 /* Debug */ = {
			isa = XCBuildConfiguration;
			buildSettings = {
				CODE_SIGN_ENTITLEMENTS = Line/Line.entitlements;
				CODE_SIGN_IDENTITY = "Mac Developer";
				COMBINE_HIDPI_IMAGES = YES;
				DEVELOPMENT_TEAM = KQQ77ZBE5E;
				INFOPLIST_FILE = Line/Info.plist;
				LD_RUNPATH_SEARCH_PATHS = "$(inherited) @executable_path/../Frameworks @executable_path/../../../../Frameworks";
				MACOSX_DEPLOYMENT_TARGET = 10.11;
				PRODUCT_BUNDLE_IDENTIFIER = com.kaunteya.Linex.Line;
				PRODUCT_NAME = "$(TARGET_NAME)";
				PROVISIONING_PROFILE_SPECIFIER = "";
				SKIP_INSTALL = YES;
				SWIFT_VERSION = 5.0;
			};
			name = Debug;
		};
		E359424C1F55565E009EFA35 /* Release */ = {
			isa = XCBuildConfiguration;
			buildSettings = {
				CODE_SIGN_ENTITLEMENTS = Line/Line.entitlements;
				CODE_SIGN_IDENTITY = "Mac Developer";
				COMBINE_HIDPI_IMAGES = YES;
				DEVELOPMENT_TEAM = KQQ77ZBE5E;
				INFOPLIST_FILE = Line/Info.plist;
				LD_RUNPATH_SEARCH_PATHS = "$(inherited) @executable_path/../Frameworks @executable_path/../../../../Frameworks";
				MACOSX_DEPLOYMENT_TARGET = 10.11;
				PRODUCT_BUNDLE_IDENTIFIER = com.kaunteya.Linex.Line;
				PRODUCT_NAME = "$(TARGET_NAME)";
				PROVISIONING_PROFILE_SPECIFIER = "";
				SKIP_INSTALL = YES;
				SWIFT_VERSION = 5.0;
			};
			name = Release;
		};
		E39E227A1F59876A00354A5F /* Debug */ = {
			isa = XCBuildConfiguration;
			buildSettings = {
				CODE_SIGN_ENTITLEMENTS = Selection/Selection.entitlements;
				CODE_SIGN_IDENTITY = "Mac Developer";
				COMBINE_HIDPI_IMAGES = YES;
				DEVELOPMENT_TEAM = KQQ77ZBE5E;
				INFOPLIST_FILE = Selection/Info.plist;
				LD_RUNPATH_SEARCH_PATHS = "$(inherited) @executable_path/../Frameworks @executable_path/../../../../Frameworks";
				MACOSX_DEPLOYMENT_TARGET = 10.11;
				PRODUCT_BUNDLE_IDENTIFIER = com.kaunteya.Linex.Selection;
				PRODUCT_NAME = "$(TARGET_NAME)";
				SKIP_INSTALL = YES;
				SWIFT_VERSION = 5.0;
			};
			name = Debug;
		};
		E39E227B1F59876A00354A5F /* Release */ = {
			isa = XCBuildConfiguration;
			buildSettings = {
				CODE_SIGN_ENTITLEMENTS = Selection/Selection.entitlements;
				CODE_SIGN_IDENTITY = "Mac Developer";
				COMBINE_HIDPI_IMAGES = YES;
				DEVELOPMENT_TEAM = KQQ77ZBE5E;
				INFOPLIST_FILE = Selection/Info.plist;
				LD_RUNPATH_SEARCH_PATHS = "$(inherited) @executable_path/../Frameworks @executable_path/../../../../Frameworks";
				MACOSX_DEPLOYMENT_TARGET = 10.11;
				PRODUCT_BUNDLE_IDENTIFIER = com.kaunteya.Linex.Selection;
				PRODUCT_NAME = "$(TARGET_NAME)";
				SKIP_INSTALL = YES;
				SWIFT_VERSION = 5.0;
			};
			name = Release;
		};
		E3F543A01F5A84FC008F426E /* Debug */ = {
			isa = XCBuildConfiguration;
			buildSettings = {
				CODE_SIGN_ENTITLEMENTS = Convert/Convert.entitlements;
				CODE_SIGN_IDENTITY = "Mac Developer";
				COMBINE_HIDPI_IMAGES = YES;
				DEVELOPMENT_TEAM = KQQ77ZBE5E;
				INFOPLIST_FILE = Convert/Info.plist;
				LD_RUNPATH_SEARCH_PATHS = "$(inherited) @executable_path/../Frameworks @executable_path/../../../../Frameworks";
				MACOSX_DEPLOYMENT_TARGET = 10.11;
				PRODUCT_BUNDLE_IDENTIFIER = com.kaunteya.Linex.Convert;
				PRODUCT_NAME = "$(TARGET_NAME)";
				SKIP_INSTALL = YES;
				SWIFT_VERSION = 5.0;
			};
			name = Debug;
		};
		E3F543A11F5A84FC008F426E /* Release */ = {
			isa = XCBuildConfiguration;
			buildSettings = {
				CODE_SIGN_ENTITLEMENTS = Convert/Convert.entitlements;
				CODE_SIGN_IDENTITY = "Mac Developer";
				COMBINE_HIDPI_IMAGES = YES;
				DEVELOPMENT_TEAM = KQQ77ZBE5E;
				INFOPLIST_FILE = Convert/Info.plist;
				LD_RUNPATH_SEARCH_PATHS = "$(inherited) @executable_path/../Frameworks @executable_path/../../../../Frameworks";
				MACOSX_DEPLOYMENT_TARGET = 10.11;
				PRODUCT_BUNDLE_IDENTIFIER = com.kaunteya.Linex.Convert;
				PRODUCT_NAME = "$(TARGET_NAME)";
				SKIP_INSTALL = YES;
				SWIFT_VERSION = 5.0;
			};
			name = Release;
		};
/* End XCBuildConfiguration section */

/* Begin XCConfigurationList section */
		E35942121F55564C009EFA35 /* Build configuration list for PBXProject "Linex" */ = {
			isa = XCConfigurationList;
			buildConfigurations = (
				E359422F1F55564D009EFA35 /* Debug */,
				E35942301F55564D009EFA35 /* Release */,
			);
			defaultConfigurationIsVisible = 0;
			defaultConfigurationName = Release;
		};
		E35942311F55564D009EFA35 /* Build configuration list for PBXNativeTarget "Linex" */ = {
			isa = XCConfigurationList;
			buildConfigurations = (
				E35942321F55564D009EFA35 /* Debug */,
				E35942331F55564D009EFA35 /* Release */,
			);
			defaultConfigurationIsVisible = 0;
			defaultConfigurationName = Release;
		};
		E35942341F55564D009EFA35 /* Build configuration list for PBXNativeTarget "LinexTests" */ = {
			isa = XCConfigurationList;
			buildConfigurations = (
				E35942351F55564D009EFA35 /* Debug */,
				E35942361F55564D009EFA35 /* Release */,
			);
			defaultConfigurationIsVisible = 0;
			defaultConfigurationName = Release;
		};
		E359424A1F55565E009EFA35 /* Build configuration list for PBXNativeTarget "Line" */ = {
			isa = XCConfigurationList;
			buildConfigurations = (
				E359424B1F55565E009EFA35 /* Debug */,
				E359424C1F55565E009EFA35 /* Release */,
			);
			defaultConfigurationIsVisible = 0;
			defaultConfigurationName = Release;
		};
		E39E227C1F59876A00354A5F /* Build configuration list for PBXNativeTarget "Selection" */ = {
			isa = XCConfigurationList;
			buildConfigurations = (
				E39E227A1F59876A00354A5F /* Debug */,
				E39E227B1F59876A00354A5F /* Release */,
			);
			defaultConfigurationIsVisible = 0;
			defaultConfigurationName = Release;
		};
		E3F543A21F5A84FC008F426E /* Build configuration list for PBXNativeTarget "Convert" */ = {
			isa = XCConfigurationList;
			buildConfigurations = (
				E3F543A01F5A84FC008F426E /* Debug */,
				E3F543A11F5A84FC008F426E /* Release */,
			);
			defaultConfigurationIsVisible = 0;
			defaultConfigurationName = Release;
		};
/* End XCConfigurationList section */
	};
	rootObject = E359420F1F55564C009EFA35 /* Project object */;
}
